
Microsoft Visual Studio Solution File, Format Version 12.00
# Visual Studio 15
VisualStudioVersion = 15.0.27703.2035
MinimumVisualStudioVersion = 10.0.40219.1
Project("{FAE04EC0-301F-11D3-BF4B-00C04F79EFBC}") = "Carubbi.BlackJack", "Carubbi.BlackJack\Carubbi.BlackJack.csproj", "{56CA6B3A-8300-4DA3-A266-157A54D3EB80}"
EndProject
Project("{FAE04EC0-301F-11D3-BF4B-00C04F79EFBC}") = "Carubbi.BlackJack.UI", "Carubbi.BlackJack.UI\Carubbi.BlackJack.UI.csproj", "{734314EE-A90D-4F7A-B874-B5312F47F7DE}"
EndProject
Project("{FAE04EC0-301F-11D3-BF4B-00C04F79EFBC}") = "Carubbi.Cards", "Carubbi.Cards\Carubbi.Cards.csproj", "{1491ED5C-868B-4E08-AF44-4F2C4C7AEF7E}"
EndProject
Project("{FAE04EC0-301F-11D3-BF4B-00C04F79EFBC}") = "Carubbi.SlotCard", "Carubbi.SlotCard\Carubbi.SlotCard.csproj", "{FD3F4BE7-0A7F-4AD6-AA94-9CDC593A5F96}"
EndProject
Project("{FAE04EC0-301F-11D3-BF4B-00C04F79EFBC}") = "Carubbi.SlotCard.UI", "Carubbi.SlotCard.UI\Carubbi.SlotCard.UI.csproj", "{7F0B25F9-61F8-4464-B081-6805089C9965}"
EndProject
Project("{FAE04EC0-301F-11D3-BF4B-00C04F79EFBC}") = "Carubbi.PokerClient", "Carubbi.PokerClient\Carubbi.PokerClient.csproj", "{024C9BBE-59BC-4CFA-BA5A-26291802EAB2}"
EndProject
Project("{FAE04EC0-301F-11D3-BF4B-00C04F79EFBC}") = "Carrubi.ConsoleSelfHostServer", "Carrubi.ConsoleSelfHostedServer\Carrubi.ConsoleSelfHostServer.csproj", "{0EF3BE37-99A9-413C-9DAC-8A471FFF85B8}"
EndProject
Project("{FAE04EC0-301F-11D3-BF4B-00C04F79EFBC}") = "Carubbi.PokerServices", "Carubbi.PokerService\Carubbi.PokerServices.csproj", "{4B87A29B-A875-44C1-AFE0-35F701486AC5}"
EndProject
Project("{FAE04EC0-301F-11D3-BF4B-00C04F79EFBC}") = "Carubbi.Truco", "Carubbi.Truco\Carubbi.Truco.csproj", "{28B17BCA-6032-4FB5-B5DB-FBA2277FB84F}"
EndProject
Project("{FAE04EC0-301F-11D3-BF4B-00C04F79EFBC}") = "Carubbi.Truco.UI", "Carubbi.Truco.UI\Carubbi.Truco.UI.csproj", "{261075D7-83CE-48C0-83C7-6CFED8C31EF1}"
EndProject
Project("{FAE04EC0-301F-11D3-BF4B-00C04F79EFBC}") = "Carubbi.Cards.WinForms", "Carubbi.Cards.WinForms\Carubbi.Cards.WinForms.csproj", "{86F4F039-0057-43F9-AA70-0BDF4BE1FB19}"
EndProject
Project("{FAE04EC0-301F-11D3-BF4B-00C04F79EFBC}") = "CardGameProjectTemplate", "CardGameProjectTemplate\CardGameProjectTemplate.csproj", "{8F79B246-D5A4-4C5A-A5D2-6F4F1B79F162}"
EndProject
Project("{FAE04EC0-301F-11D3-BF4B-00C04F79EFBC}") = "Carubbi.Cards.Test.UI", "Carubbi.Cards.Test.UI\Carubbi.Cards.Test.UI.csproj", "{02ED9BD4-F731-4F79-83A1-4B54AAF18641}"
EndProject
Project("{FAE04EC0-301F-11D3-BF4B-00C04F79EFBC}") = "Carubbi.RobaMonte", "Carubbi.RobaMonte\Carubbi.RobaMonte.csproj", "{936B98B3-4835-4B44-80B3-94B82C709989}"
EndProject
Global
	GlobalSection(SolutionConfigurationPlatforms) = preSolution
		Debug|Any CPU = Debug|Any CPU
		Release|Any CPU = Release|Any CPU
	EndGlobalSection
	GlobalSection(ProjectConfigurationPlatforms) = postSolution
		{56CA6B3A-8300-4DA3-A266-157A54D3EB80}.Debug|Any CPU.ActiveCfg = Debug|Any CPU
		{56CA6B3A-8300-4DA3-A266-157A54D3EB80}.Debug|Any CPU.Build.0 = Debug|Any CPU
		{56CA6B3A-8300-4DA3-A266-157A54D3EB80}.Release|Any CPU.ActiveCfg = Release|Any CPU
		{56CA6B3A-8300-4DA3-A266-157A54D3EB80}.Release|Any CPU.Build.0 = Release|Any CPU
		{734314EE-A90D-4F7A-B874-B5312F47F7DE}.Debug|Any CPU.ActiveCfg = Debug|Any CPU
		{734314EE-A90D-4F7A-B874-B5312F47F7DE}.Debug|Any CPU.Build.0 = Debug|Any CPU
		{734314EE-A90D-4F7A-B874-B5312F47F7DE}.Release|Any CPU.ActiveCfg = Release|Any CPU
		{734314EE-A90D-4F7A-B874-B5312F47F7DE}.Release|Any CPU.Build.0 = Release|Any CPU
		{1491ED5C-868B-4E08-AF44-4F2C4C7AEF7E}.Debug|Any CPU.ActiveCfg = Debug|Any CPU
		{1491ED5C-868B-4E08-AF44-4F2C4C7AEF7E}.Debug|Any CPU.Build.0 = Debug|Any CPU
		{1491ED5C-868B-4E08-AF44-4F2C4C7AEF7E}.Release|Any CPU.ActiveCfg = Release|Any CPU
		{1491ED5C-868B-4E08-AF44-4F2C4C7AEF7E}.Release|Any CPU.Build.0 = Release|Any CPU
		{FD3F4BE7-0A7F-4AD6-AA94-9CDC593A5F96}.Debug|Any CPU.ActiveCfg = Debug|Any CPU
		{FD3F4BE7-0A7F-4AD6-AA94-9CDC593A5F96}.Debug|Any CPU.Build.0 = Debug|Any CPU
		{FD3F4BE7-0A7F-4AD6-AA94-9CDC593A5F96}.Release|Any CPU.ActiveCfg = Release|Any CPU
		{FD3F4BE7-0A7F-4AD6-AA94-9CDC593A5F96}.Release|Any CPU.Build.0 = Release|Any CPU
		{7F0B25F9-61F8-4464-B081-6805089C9965}.Debug|Any CPU.ActiveCfg = Debug|Any CPU
		{7F0B25F9-61F8-4464-B081-6805089C9965}.Debug|Any CPU.Build.0 = Debug|Any CPU
		{7F0B25F9-61F8-4464-B081-6805089C9965}.Release|Any CPU.ActiveCfg = Release|Any CPU
		{7F0B25F9-61F8-4464-B081-6805089C9965}.Release|Any CPU.Build.0 = Release|Any CPU
		{024C9BBE-59BC-4CFA-BA5A-26291802EAB2}.Debug|Any CPU.ActiveCfg = Debug|Any CPU
		{024C9BBE-59BC-4CFA-BA5A-26291802EAB2}.Debug|Any CPU.Build.0 = Debug|Any CPU
		{024C9BBE-59BC-4CFA-BA5A-26291802EAB2}.Release|Any CPU.ActiveCfg = Release|Any CPU
		{024C9BBE-59BC-4CFA-BA5A-26291802EAB2}.Release|Any CPU.Build.0 = Release|Any CPU
		{0EF3BE37-99A9-413C-9DAC-8A471FFF85B8}.Debug|Any CPU.ActiveCfg = Debug|Any CPU
		{0EF3BE37-99A9-413C-9DAC-8A471FFF85B8}.Debug|Any CPU.Build.0 = Debug|Any CPU
		{0EF3BE37-99A9-413C-9DAC-8A471FFF85B8}.Release|Any CPU.ActiveCfg = Release|Any CPU
		{0EF3BE37-99A9-413C-9DAC-8A471FFF85B8}.Release|Any CPU.Build.0 = Release|Any CPU
		{4B87A29B-A875-44C1-AFE0-35F701486AC5}.Debug|Any CPU.ActiveCfg = Debug|Any CPU
		{4B87A29B-A875-44C1-AFE0-35F701486AC5}.Debug|Any CPU.Build.0 = Debug|Any CPU
		{4B87A29B-A875-44C1-AFE0-35F701486AC5}.Release|Any CPU.ActiveCfg = Release|Any CPU
		{4B87A29B-A875-44C1-AFE0-35F701486AC5}.Release|Any CPU.Build.0 = Release|Any CPU
		{28B17BCA-6032-4FB5-B5DB-FBA2277FB84F}.Debug|Any CPU.ActiveCfg = Debug|Any CPU
		{28B17BCA-6032-4FB5-B5DB-FBA2277FB84F}.Debug|Any CPU.Build.0 = Debug|Any CPU
		{28B17BCA-6032-4FB5-B5DB-FBA2277FB84F}.Release|Any CPU.ActiveCfg = Release|Any CPU
		{28B17BCA-6032-4FB5-B5DB-FBA2277FB84F}.Release|Any CPU.Build.0 = Release|Any CPU
		{261075D7-83CE-48C0-83C7-6CFED8C31EF1}.Debug|Any CPU.ActiveCfg = Debug|Any CPU
		{261075D7-83CE-48C0-83C7-6CFED8C31EF1}.Debug|Any CPU.Build.0 = Debug|Any CPU
		{261075D7-83CE-48C0-83C7-6CFED8C31EF1}.Release|Any CPU.ActiveCfg = Release|Any CPU
		{261075D7-83CE-48C0-83C7-6CFED8C31EF1}.Release|Any CPU.Build.0 = Release|Any CPU
		{86F4F039-0057-43F9-AA70-0BDF4BE1FB19}.Debug|Any CPU.ActiveCfg = Debug|Any CPU
		{86F4F039-0057-43F9-AA70-0BDF4BE1FB19}.Debug|Any CPU.Build.0 = Debug|Any CPU
		{86F4F039-0057-43F9-AA70-0BDF4BE1FB19}.Release|Any CPU.ActiveCfg = Release|Any CPU
		{86F4F039-0057-43F9-AA70-0BDF4BE1FB19}.Release|Any CPU.Build.0 = Release|Any CPU
		{8F79B246-D5A4-4C5A-A5D2-6F4F1B79F162}.Debug|Any CPU.ActiveCfg = Debug|Any CPU
		{8F79B246-D5A4-4C5A-A5D2-6F4F1B79F162}.Debug|Any CPU.Build.0 = Debug|Any CPU
		{8F79B246-D5A4-4C5A-A5D2-6F4F1B79F162}.Release|Any CPU.ActiveCfg = Release|Any CPU
		{8F79B246-D5A4-4C5A-A5D2-6F4F1B79F162}.Release|Any CPU.Build.0 = Release|Any CPU
		{02ED9BD4-F731-4F79-83A1-4B54AAF18641}.Debug|Any CPU.ActiveCfg = Debug|Any CPU
		{02ED9BD4-F731-4F79-83A1-4B54AAF18641}.Debug|Any CPU.Build.0 = Debug|Any CPU
		{02ED9BD4-F731-4F79-83A1-4B54AAF18641}.Release|Any CPU.ActiveCfg = Release|Any CPU
		{02ED9BD4-F731-4F79-83A1-4B54AAF18641}.Release|Any CPU.Build.0 = Release|Any CPU
		{936B98B3-4835-4B44-80B3-94B82C709989}.Debug|Any CPU.ActiveCfg = Debug|Any CPU
		{936B98B3-4835-4B44-80B3-94B82C709989}.Debug|Any CPU.Build.0 = Debug|Any CPU
		{936B98B3-4835-4B44-80B3-94B82C709989}.Release|Any CPU.ActiveCfg = Release|Any CPU
		{936B98B3-4835-4B44-80B3-94B82C709989}.Release|Any CPU.Build.0 = Release|Any CPU
	EndGlobalSection
	GlobalSection(SolutionProperties) = preSolution
		HideSolutionNode = FALSE
	EndGlobalSection
	GlobalSection(ExtensibilityGlobals) = postSolution
		SolutionGuid = {4FD979D7-1175-4BF5-9D12-F76065D512DF}
	EndGlobalSection
EndGlobal
