
Microsoft Visual Studio Solution File, Format Version 12.00
# Visual Studio 2013
VisualStudioVersion = 12.0.30501.0
MinimumVisualStudioVersion = 10.0.40219.1
Project("{FAE04EC0-301F-11D3-BF4B-00C04F79EFBC}") = "Carubbi.BlackJack", "Carubbi.BlackJack\Carubbi.BlackJack.csproj", "{56CA6B3A-8300-4DA3-A266-157A54D3EB80}"
EndProject
Project("{FAE04EC0-301F-11D3-BF4B-00C04F79EFBC}") = "Carubbi.BlackJack.UI", "Carubbi.BlackJack.UI\Carubbi.BlackJack.UI.csproj", "{734314EE-A90D-4F7A-B874-B5312F47F7DE}"
EndProject
Project("{FAE04EC0-301F-11D3-BF4B-00C04F79EFBC}") = "Carubbi.Cards", "Carubbi.Cards\Carubbi.Cards.csproj", "{1491ED5C-868B-4E08-AF44-4F2C4C7AEF7E}"
EndProject
Project("{FAE04EC0-301F-11D3-BF4B-00C04F79EFBC}") = "Carubbi.Cards.Test.UI", "Carubbi.Cards.Test.UI\Carubbi.Cards.Test.UI.csproj", "{84D04396-A2C4-4DEF-A8B1-5B24F65DC58D}"
EndProject
Project("{FAE04EC0-301F-11D3-BF4B-00C04F79EFBC}") = "Carubbi.SlotCard", "Carubbi.SlotCard\Carubbi.SlotCard.csproj", "{FD3F4BE7-0A7F-4AD6-AA94-9CDC593A5F96}"
EndProject
Project("{FAE04EC0-301F-11D3-BF4B-00C04F79EFBC}") = "Carubbi.SlotCard.UI", "Carubbi.SlotCard.UI\Carubbi.SlotCard.UI.csproj", "{7F0B25F9-61F8-4464-B081-6805089C9965}"
EndProject
Project("{FAE04EC0-301F-11D3-BF4B-00C04F79EFBC}") = "Carubbi.PokerClient", "Carubbi.PokerClient\Carubbi.PokerClient.csproj", "{024C9BBE-59BC-4CFA-BA5A-26291802EAB2}"
EndProject
Project("{FAE04EC0-301F-11D3-BF4B-00C04F79EFBC}") = "Carrubi.ConsoleSelfHostServer", "Carrubi.ConsoleSelfHostedServer\Carrubi.ConsoleSelfHostServer.csproj", "{0EF3BE37-99A9-413C-9DAC-8A471FFF85B8}"
EndProject
Project("{FAE04EC0-301F-11D3-BF4B-00C04F79EFBC}") = "Carubbi.PokerServices", "Carubbi.PokerService\Carubbi.PokerServices.csproj", "{4B87A29B-A875-44C1-AFE0-35F701486AC5}"
EndProject
Project("{FAE04EC0-301F-11D3-BF4B-00C04F79EFBC}") = "Carubbi.Truco", "Carubbi.Truco\Carubbi.Truco.csproj", "{28B17BCA-6032-4FB5-B5DB-FBA2277FB84F}"
EndProject
Project("{FAE04EC0-301F-11D3-BF4B-00C04F79EFBC}") = "Carubbi.Truco.UI", "Carubbi.Truco.UI\Carubbi.Truco.UI.csproj", "{261075D7-83CE-48C0-83C7-6CFED8C31EF1}"
EndProject
Project("{FAE04EC0-301F-11D3-BF4B-00C04F79EFBC}") = "Carubbi.RobaMonte", "Carubbi.RobaMonte\Carubbi.RobaMonte.csproj", "{9BE2F5C1-32ED-44DA-BDA4-90C82E27BF4D}"
EndProject
Global
	GlobalSection(SolutionConfigurationPlatforms) = preSolution
		Debug|Any CPU = Debug|Any CPU
		Debug|Mixed Platforms = Debug|Mixed Platforms
		Debug|x86 = Debug|x86
		Release|Any CPU = Release|Any CPU
		Release|Mixed Platforms = Release|Mixed Platforms
		Release|x86 = Release|x86
	EndGlobalSection
	GlobalSection(ProjectConfigurationPlatforms) = postSolution
		{56CA6B3A-8300-4DA3-A266-157A54D3EB80}.Debug|Any CPU.ActiveCfg = Debug|Any CPU
		{56CA6B3A-8300-4DA3-A266-157A54D3EB80}.Debug|Any CPU.Build.0 = Debug|Any CPU
		{56CA6B3A-8300-4DA3-A266-157A54D3EB80}.Debug|Mixed Platforms.ActiveCfg = Debug|Any CPU
		{56CA6B3A-8300-4DA3-A266-157A54D3EB80}.Debug|Mixed Platforms.Build.0 = Debug|Any CPU
		{56CA6B3A-8300-4DA3-A266-157A54D3EB80}.Debug|x86.ActiveCfg = Debug|Any CPU
		{56CA6B3A-8300-4DA3-A266-157A54D3EB80}.Release|Any CPU.ActiveCfg = Release|Any CPU
		{56CA6B3A-8300-4DA3-A266-157A54D3EB80}.Release|Any CPU.Build.0 = Release|Any CPU
		{56CA6B3A-8300-4DA3-A266-157A54D3EB80}.Release|Mixed Platforms.ActiveCfg = Release|Any CPU
		{56CA6B3A-8300-4DA3-A266-157A54D3EB80}.Release|Mixed Platforms.Build.0 = Release|Any CPU
		{56CA6B3A-8300-4DA3-A266-157A54D3EB80}.Release|x86.ActiveCfg = Release|Any CPU
		{734314EE-A90D-4F7A-B874-B5312F47F7DE}.Debug|Any CPU.ActiveCfg = Debug|x86
		{734314EE-A90D-4F7A-B874-B5312F47F7DE}.Debug|Mixed Platforms.ActiveCfg = Debug|x86
		{734314EE-A90D-4F7A-B874-B5312F47F7DE}.Debug|Mixed Platforms.Build.0 = Debug|x86
		{734314EE-A90D-4F7A-B874-B5312F47F7DE}.Debug|x86.ActiveCfg = Debug|x86
		{734314EE-A90D-4F7A-B874-B5312F47F7DE}.Debug|x86.Build.0 = Debug|x86
		{734314EE-A90D-4F7A-B874-B5312F47F7DE}.Release|Any CPU.ActiveCfg = Release|x86
		{734314EE-A90D-4F7A-B874-B5312F47F7DE}.Release|Mixed Platforms.ActiveCfg = Release|x86
		{734314EE-A90D-4F7A-B874-B5312F47F7DE}.Release|Mixed Platforms.Build.0 = Release|x86
		{734314EE-A90D-4F7A-B874-B5312F47F7DE}.Release|x86.ActiveCfg = Release|x86
		{734314EE-A90D-4F7A-B874-B5312F47F7DE}.Release|x86.Build.0 = Release|x86
		{1491ED5C-868B-4E08-AF44-4F2C4C7AEF7E}.Debug|Any CPU.ActiveCfg = Debug|Any CPU
		{1491ED5C-868B-4E08-AF44-4F2C4C7AEF7E}.Debug|Any CPU.Build.0 = Debug|Any CPU
		{1491ED5C-868B-4E08-AF44-4F2C4C7AEF7E}.Debug|Mixed Platforms.ActiveCfg = Debug|Any CPU
		{1491ED5C-868B-4E08-AF44-4F2C4C7AEF7E}.Debug|Mixed Platforms.Build.0 = Debug|Any CPU
		{1491ED5C-868B-4E08-AF44-4F2C4C7AEF7E}.Debug|x86.ActiveCfg = Debug|Any CPU
		{1491ED5C-868B-4E08-AF44-4F2C4C7AEF7E}.Release|Any CPU.ActiveCfg = Release|Any CPU
		{1491ED5C-868B-4E08-AF44-4F2C4C7AEF7E}.Release|Any CPU.Build.0 = Release|Any CPU
		{1491ED5C-868B-4E08-AF44-4F2C4C7AEF7E}.Release|Mixed Platforms.ActiveCfg = Release|Any CPU
		{1491ED5C-868B-4E08-AF44-4F2C4C7AEF7E}.Release|Mixed Platforms.Build.0 = Release|Any CPU
		{1491ED5C-868B-4E08-AF44-4F2C4C7AEF7E}.Release|x86.ActiveCfg = Release|Any CPU
		{84D04396-A2C4-4DEF-A8B1-5B24F65DC58D}.Debug|Any CPU.ActiveCfg = Debug|x86
		{84D04396-A2C4-4DEF-A8B1-5B24F65DC58D}.Debug|Mixed Platforms.ActiveCfg = Debug|x86
		{84D04396-A2C4-4DEF-A8B1-5B24F65DC58D}.Debug|Mixed Platforms.Build.0 = Debug|x86
		{84D04396-A2C4-4DEF-A8B1-5B24F65DC58D}.Debug|x86.ActiveCfg = Debug|x86
		{84D04396-A2C4-4DEF-A8B1-5B24F65DC58D}.Debug|x86.Build.0 = Debug|x86
		{84D04396-A2C4-4DEF-A8B1-5B24F65DC58D}.Release|Any CPU.ActiveCfg = Release|x86
		{84D04396-A2C4-4DEF-A8B1-5B24F65DC58D}.Release|Mixed Platforms.ActiveCfg = Release|x86
		{84D04396-A2C4-4DEF-A8B1-5B24F65DC58D}.Release|Mixed Platforms.Build.0 = Release|x86
		{84D04396-A2C4-4DEF-A8B1-5B24F65DC58D}.Release|x86.ActiveCfg = Release|x86
		{84D04396-A2C4-4DEF-A8B1-5B24F65DC58D}.Release|x86.Build.0 = Release|x86
		{FD3F4BE7-0A7F-4AD6-AA94-9CDC593A5F96}.Debug|Any CPU.ActiveCfg = Debug|Any CPU
		{FD3F4BE7-0A7F-4AD6-AA94-9CDC593A5F96}.Debug|Any CPU.Build.0 = Debug|Any CPU
		{FD3F4BE7-0A7F-4AD6-AA94-9CDC593A5F96}.Debug|Mixed Platforms.ActiveCfg = Debug|Any CPU
		{FD3F4BE7-0A7F-4AD6-AA94-9CDC593A5F96}.Debug|Mixed Platforms.Build.0 = Debug|Any CPU
		{FD3F4BE7-0A7F-4AD6-AA94-9CDC593A5F96}.Debug|x86.ActiveCfg = Debug|Any CPU
		{FD3F4BE7-0A7F-4AD6-AA94-9CDC593A5F96}.Release|Any CPU.ActiveCfg = Release|Any CPU
		{FD3F4BE7-0A7F-4AD6-AA94-9CDC593A5F96}.Release|Any CPU.Build.0 = Release|Any CPU
		{FD3F4BE7-0A7F-4AD6-AA94-9CDC593A5F96}.Release|Mixed Platforms.ActiveCfg = Release|Any CPU
		{FD3F4BE7-0A7F-4AD6-AA94-9CDC593A5F96}.Release|Mixed Platforms.Build.0 = Release|Any CPU
		{FD3F4BE7-0A7F-4AD6-AA94-9CDC593A5F96}.Release|x86.ActiveCfg = Release|Any CPU
		{7F0B25F9-61F8-4464-B081-6805089C9965}.Debug|Any CPU.ActiveCfg = Debug|Any CPU
		{7F0B25F9-61F8-4464-B081-6805089C9965}.Debug|Any CPU.Build.0 = Debug|Any CPU
		{7F0B25F9-61F8-4464-B081-6805089C9965}.Debug|Mixed Platforms.ActiveCfg = Debug|Any CPU
		{7F0B25F9-61F8-4464-B081-6805089C9965}.Debug|Mixed Platforms.Build.0 = Debug|Any CPU
		{7F0B25F9-61F8-4464-B081-6805089C9965}.Debug|x86.ActiveCfg = Debug|Any CPU
		{7F0B25F9-61F8-4464-B081-6805089C9965}.Release|Any CPU.ActiveCfg = Release|Any CPU
		{7F0B25F9-61F8-4464-B081-6805089C9965}.Release|Any CPU.Build.0 = Release|Any CPU
		{7F0B25F9-61F8-4464-B081-6805089C9965}.Release|Mixed Platforms.ActiveCfg = Release|Any CPU
		{7F0B25F9-61F8-4464-B081-6805089C9965}.Release|Mixed Platforms.Build.0 = Release|Any CPU
		{7F0B25F9-61F8-4464-B081-6805089C9965}.Release|x86.ActiveCfg = Release|Any CPU
		{024C9BBE-59BC-4CFA-BA5A-26291802EAB2}.Debug|Any CPU.ActiveCfg = Debug|Any CPU
		{024C9BBE-59BC-4CFA-BA5A-26291802EAB2}.Debug|Any CPU.Build.0 = Debug|Any CPU
		{024C9BBE-59BC-4CFA-BA5A-26291802EAB2}.Debug|Mixed Platforms.ActiveCfg = Debug|Any CPU
		{024C9BBE-59BC-4CFA-BA5A-26291802EAB2}.Debug|Mixed Platforms.Build.0 = Debug|Any CPU
		{024C9BBE-59BC-4CFA-BA5A-26291802EAB2}.Debug|x86.ActiveCfg = Debug|Any CPU
		{024C9BBE-59BC-4CFA-BA5A-26291802EAB2}.Release|Any CPU.ActiveCfg = Release|Any CPU
		{024C9BBE-59BC-4CFA-BA5A-26291802EAB2}.Release|Any CPU.Build.0 = Release|Any CPU
		{024C9BBE-59BC-4CFA-BA5A-26291802EAB2}.Release|Mixed Platforms.ActiveCfg = Release|Any CPU
		{024C9BBE-59BC-4CFA-BA5A-26291802EAB2}.Release|Mixed Platforms.Build.0 = Release|Any CPU
		{024C9BBE-59BC-4CFA-BA5A-26291802EAB2}.Release|x86.ActiveCfg = Release|Any CPU
		{0EF3BE37-99A9-413C-9DAC-8A471FFF85B8}.Debug|Any CPU.ActiveCfg = Debug|Any CPU
		{0EF3BE37-99A9-413C-9DAC-8A471FFF85B8}.Debug|Any CPU.Build.0 = Debug|Any CPU
		{0EF3BE37-99A9-413C-9DAC-8A471FFF85B8}.Debug|Mixed Platforms.ActiveCfg = Debug|Any CPU
		{0EF3BE37-99A9-413C-9DAC-8A471FFF85B8}.Debug|Mixed Platforms.Build.0 = Debug|Any CPU
		{0EF3BE37-99A9-413C-9DAC-8A471FFF85B8}.Debug|x86.ActiveCfg = Debug|Any CPU
		{0EF3BE37-99A9-413C-9DAC-8A471FFF85B8}.Release|Any CPU.ActiveCfg = Release|Any CPU
		{0EF3BE37-99A9-413C-9DAC-8A471FFF85B8}.Release|Any CPU.Build.0 = Release|Any CPU
		{0EF3BE37-99A9-413C-9DAC-8A471FFF85B8}.Release|Mixed Platforms.ActiveCfg = Release|Any CPU
		{0EF3BE37-99A9-413C-9DAC-8A471FFF85B8}.Release|Mixed Platforms.Build.0 = Release|Any CPU
		{0EF3BE37-99A9-413C-9DAC-8A471FFF85B8}.Release|x86.ActiveCfg = Release|Any CPU
		{4B87A29B-A875-44C1-AFE0-35F701486AC5}.Debug|Any CPU.ActiveCfg = Debug|Any CPU
		{4B87A29B-A875-44C1-AFE0-35F701486AC5}.Debug|Any CPU.Build.0 = Debug|Any CPU
		{4B87A29B-A875-44C1-AFE0-35F701486AC5}.Debug|Mixed Platforms.ActiveCfg = Debug|Any CPU
		{4B87A29B-A875-44C1-AFE0-35F701486AC5}.Debug|Mixed Platforms.Build.0 = Debug|Any CPU
		{4B87A29B-A875-44C1-AFE0-35F701486AC5}.Debug|x86.ActiveCfg = Debug|Any CPU
		{4B87A29B-A875-44C1-AFE0-35F701486AC5}.Release|Any CPU.ActiveCfg = Release|Any CPU
		{4B87A29B-A875-44C1-AFE0-35F701486AC5}.Release|Any CPU.Build.0 = Release|Any CPU
		{4B87A29B-A875-44C1-AFE0-35F701486AC5}.Release|Mixed Platforms.ActiveCfg = Release|Any CPU
		{4B87A29B-A875-44C1-AFE0-35F701486AC5}.Release|Mixed Platforms.Build.0 = Release|Any CPU
		{4B87A29B-A875-44C1-AFE0-35F701486AC5}.Release|x86.ActiveCfg = Release|Any CPU
		{28B17BCA-6032-4FB5-B5DB-FBA2277FB84F}.Debug|Any CPU.ActiveCfg = Debug|Any CPU
		{28B17BCA-6032-4FB5-B5DB-FBA2277FB84F}.Debug|Any CPU.Build.0 = Debug|Any CPU
		{28B17BCA-6032-4FB5-B5DB-FBA2277FB84F}.Debug|Mixed Platforms.ActiveCfg = Debug|Any CPU
		{28B17BCA-6032-4FB5-B5DB-FBA2277FB84F}.Debug|Mixed Platforms.Build.0 = Debug|Any CPU
		{28B17BCA-6032-4FB5-B5DB-FBA2277FB84F}.Debug|x86.ActiveCfg = Debug|Any CPU
		{28B17BCA-6032-4FB5-B5DB-FBA2277FB84F}.Release|Any CPU.ActiveCfg = Release|Any CPU
		{28B17BCA-6032-4FB5-B5DB-FBA2277FB84F}.Release|Any CPU.Build.0 = Release|Any CPU
		{28B17BCA-6032-4FB5-B5DB-FBA2277FB84F}.Release|Mixed Platforms.ActiveCfg = Release|Any CPU
		{28B17BCA-6032-4FB5-B5DB-FBA2277FB84F}.Release|Mixed Platforms.Build.0 = Release|Any CPU
		{28B17BCA-6032-4FB5-B5DB-FBA2277FB84F}.Release|x86.ActiveCfg = Release|Any CPU
		{261075D7-83CE-48C0-83C7-6CFED8C31EF1}.Debug|Any CPU.ActiveCfg = Debug|Any CPU
		{261075D7-83CE-48C0-83C7-6CFED8C31EF1}.Debug|Any CPU.Build.0 = Debug|Any CPU
		{261075D7-83CE-48C0-83C7-6CFED8C31EF1}.Debug|Mixed Platforms.ActiveCfg = Debug|Any CPU
		{261075D7-83CE-48C0-83C7-6CFED8C31EF1}.Debug|Mixed Platforms.Build.0 = Debug|Any CPU
		{261075D7-83CE-48C0-83C7-6CFED8C31EF1}.Debug|x86.ActiveCfg = Debug|Any CPU
		{261075D7-83CE-48C0-83C7-6CFED8C31EF1}.Release|Any CPU.ActiveCfg = Release|Any CPU
		{261075D7-83CE-48C0-83C7-6CFED8C31EF1}.Release|Any CPU.Build.0 = Release|Any CPU
		{261075D7-83CE-48C0-83C7-6CFED8C31EF1}.Release|Mixed Platforms.ActiveCfg = Release|Any CPU
		{261075D7-83CE-48C0-83C7-6CFED8C31EF1}.Release|Mixed Platforms.Build.0 = Release|Any CPU
		{261075D7-83CE-48C0-83C7-6CFED8C31EF1}.Release|x86.ActiveCfg = Release|Any CPU
		{9BE2F5C1-32ED-44DA-BDA4-90C82E27BF4D}.Debug|Any CPU.ActiveCfg = Debug|Any CPU
		{9BE2F5C1-32ED-44DA-BDA4-90C82E27BF4D}.Debug|Any CPU.Build.0 = Debug|Any CPU
		{9BE2F5C1-32ED-44DA-BDA4-90C82E27BF4D}.Debug|Mixed Platforms.ActiveCfg = Debug|Any CPU
		{9BE2F5C1-32ED-44DA-BDA4-90C82E27BF4D}.Debug|Mixed Platforms.Build.0 = Debug|Any CPU
		{9BE2F5C1-32ED-44DA-BDA4-90C82E27BF4D}.Debug|x86.ActiveCfg = Debug|Any CPU
		{9BE2F5C1-32ED-44DA-BDA4-90C82E27BF4D}.Release|Any CPU.ActiveCfg = Release|Any CPU
		{9BE2F5C1-32ED-44DA-BDA4-90C82E27BF4D}.Release|Any CPU.Build.0 = Release|Any CPU
		{9BE2F5C1-32ED-44DA-BDA4-90C82E27BF4D}.Release|Mixed Platforms.ActiveCfg = Release|Any CPU
		{9BE2F5C1-32ED-44DA-BDA4-90C82E27BF4D}.Release|Mixed Platforms.Build.0 = Release|Any CPU
		{9BE2F5C1-32ED-44DA-BDA4-90C82E27BF4D}.Release|x86.ActiveCfg = Release|Any CPU
	EndGlobalSection
	GlobalSection(SolutionProperties) = preSolution
		HideSolutionNode = FALSE
	EndGlobalSection
EndGlobal
